
Microsoft Visual Studio Solution File, Format Version 12.00
# Visual Studio Version 16
VisualStudioVersion = 16.0.29020.237
MinimumVisualStudioVersion = 10.0.40219.1
Project("{2150E333-8FDC-42A3-9474-1A3956D46DE8}") = "Solution Items", "Solution Items", "{BAF7F301-9D43-4578-A086-1D42B205A466}"
	ProjectSection(SolutionItems) = preProject
		LICENSE = LICENSE
		README.md = README.md
	EndProjectSection
EndProject
Project("{2150E333-8FDC-42A3-9474-1A3956D46DE8}") = "Common", "Common", "{BFA3AD99-B4E9-43F2-8447-455454B81C78}"
EndProject
Project("{9A19103F-16F7-4668-BE54-9A1E7A4F7556}") = "BookFast.SeedWork", "Common\BookFast.SeedWork\BookFast.SeedWork.csproj", "{12DFCDDA-9A79-48F4-8273-AF9CFA41C54E}"
EndProject
Project("{9A19103F-16F7-4668-BE54-9A1E7A4F7556}") = "BookFast.Security", "Common\BookFast.Security\BookFast.Security.csproj", "{507C7185-8AF1-4055-BE08-5FF481C8FD0E}"
EndProject
Project("{9A19103F-16F7-4668-BE54-9A1E7A4F7556}") = "BookFast.Rest", "Common\BookFast.Rest\BookFast.Rest.csproj", "{B099A17E-196C-4592-80D4-8AEAB07BC4F8}"
EndProject
Project("{9A19103F-16F7-4668-BE54-9A1E7A4F7556}") = "BookFast.Api", "Common\BookFast.Api\BookFast.Api.csproj", "{1DDA687B-6575-4821-A04A-7834149BE46B}"
EndProject
Project("{9A19103F-16F7-4668-BE54-9A1E7A4F7556}") = "BookFast.ServiceBus", "Common\BookFast.ServiceBus\BookFast.ServiceBus.csproj", "{AE2BD311-C7E6-4EC9-8EDB-853B7A48522B}"
EndProject
Project("{9A19103F-16F7-4668-BE54-9A1E7A4F7556}") = "BookFast.ReliableEvents", "Common\BookFast.ReliableEvents\BookFast.ReliableEvents.csproj", "{524F5E71-824C-4613-968B-BE5C055C12B7}"
EndProject
Project("{9A19103F-16F7-4668-BE54-9A1E7A4F7556}") = "BookFast.DistributedMutex", "Common\BookFast.DistributedMutex\BookFast.DistributedMutex.csproj", "{D4D8916A-C24F-4319-8A08-CF4A0BC6A7F3}"
EndProject
Project("{9A19103F-16F7-4668-BE54-9A1E7A4F7556}") = "BookFast.Facility.Domain", "BookFast.Facility.Domain\BookFast.Facility.Domain.csproj", "{B1E8BF46-B071-4252-BE57-986191E3A3B4}"
EndProject
Project("{9A19103F-16F7-4668-BE54-9A1E7A4F7556}") = "BookFast.Facility.QueryStack", "BookFast.Facility.QueryStack\BookFast.Facility.QueryStack.csproj", "{CD7C1CDE-990B-4920-8FC9-3E300C8B4FEC}"
EndProject
Project("{9A19103F-16F7-4668-BE54-9A1E7A4F7556}") = "BookFast.Facility.CommandStack", "BookFast.Facility.CommandStack\BookFast.Facility.CommandStack.csproj", "{AD162646-EA68-43FD-9037-58FE7E96F5DF}"
EndProject
Project("{9A19103F-16F7-4668-BE54-9A1E7A4F7556}") = "BookFast.Facility.Data", "BookFast.Facility.Data\BookFast.Facility.Data.csproj", "{CD97F9E1-DFE9-469C-B6AA-21598384BAA4}"
EndProject
Project("{9A19103F-16F7-4668-BE54-9A1E7A4F7556}") = "BookFast.Facility", "BookFast.Facility\BookFast.Facility.csproj", "{ED782F32-2FF0-47CC-B3FE-1ED717CB75F7}"
EndProject
Project("{9A19103F-16F7-4668-BE54-9A1E7A4F7556}") = "BookFast.Configuration", "Common\BookFast.Configuration\BookFast.Configuration.csproj", "{1AD04B4F-83E5-4D27-9EBB-4EBAACAC86FD}"
EndProject
Project("{E53339B2-1760-4266-BCC7-CA923CBCF16C}") = "docker-compose", "docker-compose.dcproj", "{0663A4F1-035F-4824-ADD3-E3BE83C7070B}"
EndProject
Project("{9A19103F-16F7-4668-BE54-9A1E7A4F7556}") = "BookFast.Facility.Client", "BookFast.Facility.Client\BookFast.Facility.Client.csproj", "{568302C4-044A-4D93-8202-AD21B60FED6B}"
EndProject
Project("{9A19103F-16F7-4668-BE54-9A1E7A4F7556}") = "BookFast.Files.Client", "BookFast.Files.Client\BookFast.Files.Client.csproj", "{9692D030-5CCB-45B8-BC7A-EDBE53D06752}"
EndProject
Project("{9A19103F-16F7-4668-BE54-9A1E7A4F7556}") = "BookFast.Search.Client", "BookFast.Search.Client\BookFast.Search.Client.csproj", "{AC3D428B-378D-4C9B-A51D-8BD97D718D73}"
EndProject
Project("{9A19103F-16F7-4668-BE54-9A1E7A4F7556}") = "BookFast.Booking.Client", "BookFast.Booking.Client\BookFast.Booking.Client.csproj", "{D688810C-3CB5-4798-ADBB-6FDB2679FAE2}"
EndProject
Project("{9A19103F-16F7-4668-BE54-9A1E7A4F7556}") = "BookFast.Files.Contracts", "BookFast.Files.Contracts\BookFast.Files.Contracts.csproj", "{F2B77754-04E5-4A8B-A8DF-120648DA8622}"
EndProject
Project("{9A19103F-16F7-4668-BE54-9A1E7A4F7556}") = "BookFast.Files.Business", "BookFast.Files.Business\BookFast.Files.Business.csproj", "{9BEB475C-B424-474F-B418-190652A4817B}"
EndProject
Project("{9A19103F-16F7-4668-BE54-9A1E7A4F7556}") = "BookFast.Files.Data", "BookFast.Files.Data\BookFast.Files.Data.csproj", "{BCB7BD49-8B3B-4557-AB0B-250DDEA90068}"
EndProject
Project("{9A19103F-16F7-4668-BE54-9A1E7A4F7556}") = "BookFast.Files", "BookFast.Files\BookFast.Files.csproj", "{E59D4716-DD11-4616-BE05-07AA896DFA13}"
EndProject
Project("{9A19103F-16F7-4668-BE54-9A1E7A4F7556}") = "BookFast.Booking.Domain", "BookFast.Booking.Domain\BookFast.Booking.Domain.csproj", "{69627D61-C87C-48EF-A0D3-C24292DEA8DE}"
EndProject
Project("{9A19103F-16F7-4668-BE54-9A1E7A4F7556}") = "BookFast.Booking.QueryStack", "BookFast.Booking.QueryStack\BookFast.Booking.QueryStack.csproj", "{0B74F9BA-DD8D-4A80-AAF1-D693F7EDD804}"
EndProject
Project("{9A19103F-16F7-4668-BE54-9A1E7A4F7556}") = "BookFast.Booking.CommandStack", "BookFast.Booking.CommandStack\BookFast.Booking.CommandStack.csproj", "{148CD206-3C28-4D45-B4A9-D13B5526446F}"
EndProject
Project("{9A19103F-16F7-4668-BE54-9A1E7A4F7556}") = "BookFast.Booking.Data", "BookFast.Booking.Data\BookFast.Booking.Data.csproj", "{3D0A95D2-E524-4CE1-9110-EADB151C0F67}"
EndProject
Project("{9A19103F-16F7-4668-BE54-9A1E7A4F7556}") = "BookFast.Booking", "BookFast.Booking\BookFast.Booking.csproj", "{3047AF86-0091-4D4E-950D-DB2EA798687E}"
EndProject
Project("{9A19103F-16F7-4668-BE54-9A1E7A4F7556}") = "BookFast.Search.Contracts", "BookFast.Search.Contracts\BookFast.Search.Contracts.csproj", "{70044367-31E1-4C16-8CB3-37FF91B1417E}"
EndProject
Project("{9A19103F-16F7-4668-BE54-9A1E7A4F7556}") = "BookFast.Search.Adapter", "BookFast.Search.Adapter\BookFast.Search.Adapter.csproj", "{81BB0F2E-774D-473E-8F8C-2A9E4BE50052}"
EndProject
Project("{9A19103F-16F7-4668-BE54-9A1E7A4F7556}") = "BookFast.Search.Indexer", "BookFast.Search.Indexer\BookFast.Search.Indexer.csproj", "{B1FCB2B6-0F49-4CAE-9D23-9CFA71E0DE0E}"
EndProject
Project("{9A19103F-16F7-4668-BE54-9A1E7A4F7556}") = "BookFast.Search", "BookFast.Search\BookFast.Search.csproj", "{1DD309DF-09D8-4CEE-82D2-94BB9F3981EA}"
EndProject
Project("{9A19103F-16F7-4668-BE54-9A1E7A4F7556}") = "BookFast.Hosting", "Common\BookFast.Hosting\BookFast.Hosting.csproj", "{1ADA5937-C8EA-4749-8CF1-0081A616DC88}"
EndProject
Project("{FAE04EC0-301F-11D3-BF4B-00C04F79EFBC}") = "BookFast.Facility.Rpc", "BookFast.Facility.Rpc\BookFast.Facility.Rpc.csproj", "{596BC3E6-2AFB-43C2-8D73-B6A7D26EE585}"
EndProject
Global
	GlobalSection(SolutionConfigurationPlatforms) = preSolution
		Debug|Any CPU = Debug|Any CPU
		Release|Any CPU = Release|Any CPU
	EndGlobalSection
	GlobalSection(ProjectConfigurationPlatforms) = postSolution
		{12DFCDDA-9A79-48F4-8273-AF9CFA41C54E}.Debug|Any CPU.ActiveCfg = Debug|Any CPU
		{12DFCDDA-9A79-48F4-8273-AF9CFA41C54E}.Debug|Any CPU.Build.0 = Debug|Any CPU
		{12DFCDDA-9A79-48F4-8273-AF9CFA41C54E}.Release|Any CPU.ActiveCfg = Release|Any CPU
		{12DFCDDA-9A79-48F4-8273-AF9CFA41C54E}.Release|Any CPU.Build.0 = Release|Any CPU
		{507C7185-8AF1-4055-BE08-5FF481C8FD0E}.Debug|Any CPU.ActiveCfg = Debug|Any CPU
		{507C7185-8AF1-4055-BE08-5FF481C8FD0E}.Debug|Any CPU.Build.0 = Debug|Any CPU
		{507C7185-8AF1-4055-BE08-5FF481C8FD0E}.Release|Any CPU.ActiveCfg = Release|Any CPU
		{507C7185-8AF1-4055-BE08-5FF481C8FD0E}.Release|Any CPU.Build.0 = Release|Any CPU
		{B099A17E-196C-4592-80D4-8AEAB07BC4F8}.Debug|Any CPU.ActiveCfg = Debug|Any CPU
		{B099A17E-196C-4592-80D4-8AEAB07BC4F8}.Debug|Any CPU.Build.0 = Debug|Any CPU
		{B099A17E-196C-4592-80D4-8AEAB07BC4F8}.Release|Any CPU.ActiveCfg = Release|Any CPU
		{B099A17E-196C-4592-80D4-8AEAB07BC4F8}.Release|Any CPU.Build.0 = Release|Any CPU
		{1DDA687B-6575-4821-A04A-7834149BE46B}.Debug|Any CPU.ActiveCfg = Debug|Any CPU
		{1DDA687B-6575-4821-A04A-7834149BE46B}.Debug|Any CPU.Build.0 = Debug|Any CPU
		{1DDA687B-6575-4821-A04A-7834149BE46B}.Release|Any CPU.ActiveCfg = Release|Any CPU
		{1DDA687B-6575-4821-A04A-7834149BE46B}.Release|Any CPU.Build.0 = Release|Any CPU
		{AE2BD311-C7E6-4EC9-8EDB-853B7A48522B}.Debug|Any CPU.ActiveCfg = Debug|Any CPU
		{AE2BD311-C7E6-4EC9-8EDB-853B7A48522B}.Debug|Any CPU.Build.0 = Debug|Any CPU
		{AE2BD311-C7E6-4EC9-8EDB-853B7A48522B}.Release|Any CPU.ActiveCfg = Release|Any CPU
		{AE2BD311-C7E6-4EC9-8EDB-853B7A48522B}.Release|Any CPU.Build.0 = Release|Any CPU
		{524F5E71-824C-4613-968B-BE5C055C12B7}.Debug|Any CPU.ActiveCfg = Debug|Any CPU
		{524F5E71-824C-4613-968B-BE5C055C12B7}.Debug|Any CPU.Build.0 = Debug|Any CPU
		{524F5E71-824C-4613-968B-BE5C055C12B7}.Release|Any CPU.ActiveCfg = Release|Any CPU
		{524F5E71-824C-4613-968B-BE5C055C12B7}.Release|Any CPU.Build.0 = Release|Any CPU
		{D4D8916A-C24F-4319-8A08-CF4A0BC6A7F3}.Debug|Any CPU.ActiveCfg = Debug|Any CPU
		{D4D8916A-C24F-4319-8A08-CF4A0BC6A7F3}.Debug|Any CPU.Build.0 = Debug|Any CPU
		{D4D8916A-C24F-4319-8A08-CF4A0BC6A7F3}.Release|Any CPU.ActiveCfg = Release|Any CPU
		{D4D8916A-C24F-4319-8A08-CF4A0BC6A7F3}.Release|Any CPU.Build.0 = Release|Any CPU
		{B1E8BF46-B071-4252-BE57-986191E3A3B4}.Debug|Any CPU.ActiveCfg = Debug|Any CPU
		{B1E8BF46-B071-4252-BE57-986191E3A3B4}.Debug|Any CPU.Build.0 = Debug|Any CPU
		{B1E8BF46-B071-4252-BE57-986191E3A3B4}.Release|Any CPU.ActiveCfg = Release|Any CPU
		{B1E8BF46-B071-4252-BE57-986191E3A3B4}.Release|Any CPU.Build.0 = Release|Any CPU
		{CD7C1CDE-990B-4920-8FC9-3E300C8B4FEC}.Debug|Any CPU.ActiveCfg = Debug|Any CPU
		{CD7C1CDE-990B-4920-8FC9-3E300C8B4FEC}.Debug|Any CPU.Build.0 = Debug|Any CPU
		{CD7C1CDE-990B-4920-8FC9-3E300C8B4FEC}.Release|Any CPU.ActiveCfg = Release|Any CPU
		{CD7C1CDE-990B-4920-8FC9-3E300C8B4FEC}.Release|Any CPU.Build.0 = Release|Any CPU
		{AD162646-EA68-43FD-9037-58FE7E96F5DF}.Debug|Any CPU.ActiveCfg = Debug|Any CPU
		{AD162646-EA68-43FD-9037-58FE7E96F5DF}.Debug|Any CPU.Build.0 = Debug|Any CPU
		{AD162646-EA68-43FD-9037-58FE7E96F5DF}.Release|Any CPU.ActiveCfg = Release|Any CPU
		{AD162646-EA68-43FD-9037-58FE7E96F5DF}.Release|Any CPU.Build.0 = Release|Any CPU
		{CD97F9E1-DFE9-469C-B6AA-21598384BAA4}.Debug|Any CPU.ActiveCfg = Debug|Any CPU
		{CD97F9E1-DFE9-469C-B6AA-21598384BAA4}.Debug|Any CPU.Build.0 = Debug|Any CPU
		{CD97F9E1-DFE9-469C-B6AA-21598384BAA4}.Release|Any CPU.ActiveCfg = Release|Any CPU
		{CD97F9E1-DFE9-469C-B6AA-21598384BAA4}.Release|Any CPU.Build.0 = Release|Any CPU
		{ED782F32-2FF0-47CC-B3FE-1ED717CB75F7}.Debug|Any CPU.ActiveCfg = Debug|Any CPU
		{ED782F32-2FF0-47CC-B3FE-1ED717CB75F7}.Debug|Any CPU.Build.0 = Debug|Any CPU
		{ED782F32-2FF0-47CC-B3FE-1ED717CB75F7}.Release|Any CPU.ActiveCfg = Release|Any CPU
		{ED782F32-2FF0-47CC-B3FE-1ED717CB75F7}.Release|Any CPU.Build.0 = Release|Any CPU
		{1AD04B4F-83E5-4D27-9EBB-4EBAACAC86FD}.Debug|Any CPU.ActiveCfg = Debug|Any CPU
		{1AD04B4F-83E5-4D27-9EBB-4EBAACAC86FD}.Debug|Any CPU.Build.0 = Debug|Any CPU
		{1AD04B4F-83E5-4D27-9EBB-4EBAACAC86FD}.Release|Any CPU.ActiveCfg = Release|Any CPU
		{1AD04B4F-83E5-4D27-9EBB-4EBAACAC86FD}.Release|Any CPU.Build.0 = Release|Any CPU
		{0663A4F1-035F-4824-ADD3-E3BE83C7070B}.Debug|Any CPU.ActiveCfg = Debug|Any CPU
		{0663A4F1-035F-4824-ADD3-E3BE83C7070B}.Debug|Any CPU.Build.0 = Debug|Any CPU
		{0663A4F1-035F-4824-ADD3-E3BE83C7070B}.Release|Any CPU.ActiveCfg = Release|Any CPU
		{0663A4F1-035F-4824-ADD3-E3BE83C7070B}.Release|Any CPU.Build.0 = Release|Any CPU
		{568302C4-044A-4D93-8202-AD21B60FED6B}.Debug|Any CPU.ActiveCfg = Debug|Any CPU
		{568302C4-044A-4D93-8202-AD21B60FED6B}.Debug|Any CPU.Build.0 = Debug|Any CPU
		{568302C4-044A-4D93-8202-AD21B60FED6B}.Release|Any CPU.ActiveCfg = Release|Any CPU
		{568302C4-044A-4D93-8202-AD21B60FED6B}.Release|Any CPU.Build.0 = Release|Any CPU
		{9692D030-5CCB-45B8-BC7A-EDBE53D06752}.Debug|Any CPU.ActiveCfg = Debug|Any CPU
		{9692D030-5CCB-45B8-BC7A-EDBE53D06752}.Debug|Any CPU.Build.0 = Debug|Any CPU
		{9692D030-5CCB-45B8-BC7A-EDBE53D06752}.Release|Any CPU.ActiveCfg = Release|Any CPU
		{9692D030-5CCB-45B8-BC7A-EDBE53D06752}.Release|Any CPU.Build.0 = Release|Any CPU
		{AC3D428B-378D-4C9B-A51D-8BD97D718D73}.Debug|Any CPU.ActiveCfg = Debug|Any CPU
		{AC3D428B-378D-4C9B-A51D-8BD97D718D73}.Debug|Any CPU.Build.0 = Debug|Any CPU
		{AC3D428B-378D-4C9B-A51D-8BD97D718D73}.Release|Any CPU.ActiveCfg = Release|Any CPU
		{AC3D428B-378D-4C9B-A51D-8BD97D718D73}.Release|Any CPU.Build.0 = Release|Any CPU
		{D688810C-3CB5-4798-ADBB-6FDB2679FAE2}.Debug|Any CPU.ActiveCfg = Debug|Any CPU
		{D688810C-3CB5-4798-ADBB-6FDB2679FAE2}.Debug|Any CPU.Build.0 = Debug|Any CPU
		{D688810C-3CB5-4798-ADBB-6FDB2679FAE2}.Release|Any CPU.ActiveCfg = Release|Any CPU
		{D688810C-3CB5-4798-ADBB-6FDB2679FAE2}.Release|Any CPU.Build.0 = Release|Any CPU
		{F2B77754-04E5-4A8B-A8DF-120648DA8622}.Debug|Any CPU.ActiveCfg = Debug|Any CPU
		{F2B77754-04E5-4A8B-A8DF-120648DA8622}.Debug|Any CPU.Build.0 = Debug|Any CPU
		{F2B77754-04E5-4A8B-A8DF-120648DA8622}.Release|Any CPU.ActiveCfg = Release|Any CPU
		{F2B77754-04E5-4A8B-A8DF-120648DA8622}.Release|Any CPU.Build.0 = Release|Any CPU
		{9BEB475C-B424-474F-B418-190652A4817B}.Debug|Any CPU.ActiveCfg = Debug|Any CPU
		{9BEB475C-B424-474F-B418-190652A4817B}.Debug|Any CPU.Build.0 = Debug|Any CPU
		{9BEB475C-B424-474F-B418-190652A4817B}.Release|Any CPU.ActiveCfg = Release|Any CPU
		{9BEB475C-B424-474F-B418-190652A4817B}.Release|Any CPU.Build.0 = Release|Any CPU
		{BCB7BD49-8B3B-4557-AB0B-250DDEA90068}.Debug|Any CPU.ActiveCfg = Debug|Any CPU
		{BCB7BD49-8B3B-4557-AB0B-250DDEA90068}.Debug|Any CPU.Build.0 = Debug|Any CPU
		{BCB7BD49-8B3B-4557-AB0B-250DDEA90068}.Release|Any CPU.ActiveCfg = Release|Any CPU
		{BCB7BD49-8B3B-4557-AB0B-250DDEA90068}.Release|Any CPU.Build.0 = Release|Any CPU
		{E59D4716-DD11-4616-BE05-07AA896DFA13}.Debug|Any CPU.ActiveCfg = Debug|Any CPU
		{E59D4716-DD11-4616-BE05-07AA896DFA13}.Debug|Any CPU.Build.0 = Debug|Any CPU
		{E59D4716-DD11-4616-BE05-07AA896DFA13}.Release|Any CPU.ActiveCfg = Release|Any CPU
		{E59D4716-DD11-4616-BE05-07AA896DFA13}.Release|Any CPU.Build.0 = Release|Any CPU
		{69627D61-C87C-48EF-A0D3-C24292DEA8DE}.Debug|Any CPU.ActiveCfg = Debug|Any CPU
		{69627D61-C87C-48EF-A0D3-C24292DEA8DE}.Debug|Any CPU.Build.0 = Debug|Any CPU
		{69627D61-C87C-48EF-A0D3-C24292DEA8DE}.Release|Any CPU.ActiveCfg = Release|Any CPU
		{69627D61-C87C-48EF-A0D3-C24292DEA8DE}.Release|Any CPU.Build.0 = Release|Any CPU
		{0B74F9BA-DD8D-4A80-AAF1-D693F7EDD804}.Debug|Any CPU.ActiveCfg = Debug|Any CPU
		{0B74F9BA-DD8D-4A80-AAF1-D693F7EDD804}.Debug|Any CPU.Build.0 = Debug|Any CPU
		{0B74F9BA-DD8D-4A80-AAF1-D693F7EDD804}.Release|Any CPU.ActiveCfg = Release|Any CPU
		{0B74F9BA-DD8D-4A80-AAF1-D693F7EDD804}.Release|Any CPU.Build.0 = Release|Any CPU
		{148CD206-3C28-4D45-B4A9-D13B5526446F}.Debug|Any CPU.ActiveCfg = Debug|Any CPU
		{148CD206-3C28-4D45-B4A9-D13B5526446F}.Debug|Any CPU.Build.0 = Debug|Any CPU
		{148CD206-3C28-4D45-B4A9-D13B5526446F}.Release|Any CPU.ActiveCfg = Release|Any CPU
		{148CD206-3C28-4D45-B4A9-D13B5526446F}.Release|Any CPU.Build.0 = Release|Any CPU
		{3D0A95D2-E524-4CE1-9110-EADB151C0F67}.Debug|Any CPU.ActiveCfg = Debug|Any CPU
		{3D0A95D2-E524-4CE1-9110-EADB151C0F67}.Debug|Any CPU.Build.0 = Debug|Any CPU
		{3D0A95D2-E524-4CE1-9110-EADB151C0F67}.Release|Any CPU.ActiveCfg = Release|Any CPU
		{3D0A95D2-E524-4CE1-9110-EADB151C0F67}.Release|Any CPU.Build.0 = Release|Any CPU
		{3047AF86-0091-4D4E-950D-DB2EA798687E}.Debug|Any CPU.ActiveCfg = Debug|Any CPU
		{3047AF86-0091-4D4E-950D-DB2EA798687E}.Debug|Any CPU.Build.0 = Debug|Any CPU
		{3047AF86-0091-4D4E-950D-DB2EA798687E}.Release|Any CPU.ActiveCfg = Release|Any CPU
		{3047AF86-0091-4D4E-950D-DB2EA798687E}.Release|Any CPU.Build.0 = Release|Any CPU
		{70044367-31E1-4C16-8CB3-37FF91B1417E}.Debug|Any CPU.ActiveCfg = Debug|Any CPU
		{70044367-31E1-4C16-8CB3-37FF91B1417E}.Debug|Any CPU.Build.0 = Debug|Any CPU
		{70044367-31E1-4C16-8CB3-37FF91B1417E}.Release|Any CPU.ActiveCfg = Release|Any CPU
		{70044367-31E1-4C16-8CB3-37FF91B1417E}.Release|Any CPU.Build.0 = Release|Any CPU
		{81BB0F2E-774D-473E-8F8C-2A9E4BE50052}.Debug|Any CPU.ActiveCfg = Debug|Any CPU
		{81BB0F2E-774D-473E-8F8C-2A9E4BE50052}.Debug|Any CPU.Build.0 = Debug|Any CPU
		{81BB0F2E-774D-473E-8F8C-2A9E4BE50052}.Release|Any CPU.ActiveCfg = Release|Any CPU
		{81BB0F2E-774D-473E-8F8C-2A9E4BE50052}.Release|Any CPU.Build.0 = Release|Any CPU
		{B1FCB2B6-0F49-4CAE-9D23-9CFA71E0DE0E}.Debug|Any CPU.ActiveCfg = Debug|Any CPU
		{B1FCB2B6-0F49-4CAE-9D23-9CFA71E0DE0E}.Debug|Any CPU.Build.0 = Debug|Any CPU
		{B1FCB2B6-0F49-4CAE-9D23-9CFA71E0DE0E}.Release|Any CPU.ActiveCfg = Release|Any CPU
		{B1FCB2B6-0F49-4CAE-9D23-9CFA71E0DE0E}.Release|Any CPU.Build.0 = Release|Any CPU
		{1DD309DF-09D8-4CEE-82D2-94BB9F3981EA}.Debug|Any CPU.ActiveCfg = Debug|Any CPU
		{1DD309DF-09D8-4CEE-82D2-94BB9F3981EA}.Debug|Any CPU.Build.0 = Debug|Any CPU
		{1DD309DF-09D8-4CEE-82D2-94BB9F3981EA}.Release|Any CPU.ActiveCfg = Release|Any CPU
		{1DD309DF-09D8-4CEE-82D2-94BB9F3981EA}.Release|Any CPU.Build.0 = Release|Any CPU
		{1ADA5937-C8EA-4749-8CF1-0081A616DC88}.Debug|Any CPU.ActiveCfg = Debug|Any CPU
		{1ADA5937-C8EA-4749-8CF1-0081A616DC88}.Debug|Any CPU.Build.0 = Debug|Any CPU
		{1ADA5937-C8EA-4749-8CF1-0081A616DC88}.Release|Any CPU.ActiveCfg = Release|Any CPU
		{1ADA5937-C8EA-4749-8CF1-0081A616DC88}.Release|Any CPU.Build.0 = Release|Any CPU
		{596BC3E6-2AFB-43C2-8D73-B6A7D26EE585}.Debug|Any CPU.ActiveCfg = Debug|Any CPU
		{596BC3E6-2AFB-43C2-8D73-B6A7D26EE585}.Debug|Any CPU.Build.0 = Debug|Any CPU
		{596BC3E6-2AFB-43C2-8D73-B6A7D26EE585}.Release|Any CPU.ActiveCfg = Release|Any CPU
		{596BC3E6-2AFB-43C2-8D73-B6A7D26EE585}.Release|Any CPU.Build.0 = Release|Any CPU
	EndGlobalSection
	GlobalSection(SolutionProperties) = preSolution
		HideSolutionNode = FALSE
	EndGlobalSection
	GlobalSection(NestedProjects) = preSolution
		{12DFCDDA-9A79-48F4-8273-AF9CFA41C54E} = {BFA3AD99-B4E9-43F2-8447-455454B81C78}
		{507C7185-8AF1-4055-BE08-5FF481C8FD0E} = {BFA3AD99-B4E9-43F2-8447-455454B81C78}
		{B099A17E-196C-4592-80D4-8AEAB07BC4F8} = {BFA3AD99-B4E9-43F2-8447-455454B81C78}
		{1DDA687B-6575-4821-A04A-7834149BE46B} = {BFA3AD99-B4E9-43F2-8447-455454B81C78}
		{AE2BD311-C7E6-4EC9-8EDB-853B7A48522B} = {BFA3AD99-B4E9-43F2-8447-455454B81C78}
		{524F5E71-824C-4613-968B-BE5C055C12B7} = {BFA3AD99-B4E9-43F2-8447-455454B81C78}
		{D4D8916A-C24F-4319-8A08-CF4A0BC6A7F3} = {BFA3AD99-B4E9-43F2-8447-455454B81C78}
		{1AD04B4F-83E5-4D27-9EBB-4EBAACAC86FD} = {BFA3AD99-B4E9-43F2-8447-455454B81C78}
		{1ADA5937-C8EA-4749-8CF1-0081A616DC88} = {BFA3AD99-B4E9-43F2-8447-455454B81C78}
	EndGlobalSection
	GlobalSection(ExtensibilityGlobals) = postSolution
		SolutionGuid = {B3FFBC74-2956-4EB0-B0D5-B4F47ADD1262}
	EndGlobalSection
EndGlobal
