
Microsoft Visual Studio Solution File, Format Version 12.00
# Visual Studio Version 17
VisualStudioVersion = 17.5.33502.453
MinimumVisualStudioVersion = 10.0.40219.1
Project("{2150E333-8FDC-42A3-9474-1A3956D46DE8}") = "Solution Items", "Solution Items", "{BAF7F301-9D43-4578-A086-1D42B205A466}"
	ProjectSection(SolutionItems) = preProject
		.editorconfig = .editorconfig
		LICENSE = LICENSE
		README.md = README.md
	EndProjectSection
EndProject
Project("{2150E333-8FDC-42A3-9474-1A3956D46DE8}") = "Common", "Common", "{BFA3AD99-B4E9-43F2-8447-455454B81C78}"
EndProject
Project("{9A19103F-16F7-4668-BE54-9A1E7A4F7556}") = "BookFast.SeedWork", "Common\BookFast.SeedWork\BookFast.SeedWork.csproj", "{12DFCDDA-9A79-48F4-8273-AF9CFA41C54E}"
EndProject
Project("{9A19103F-16F7-4668-BE54-9A1E7A4F7556}") = "BookFast.Security", "Common\BookFast.Security\BookFast.Security.csproj", "{507C7185-8AF1-4055-BE08-5FF481C8FD0E}"
EndProject
Project("{9A19103F-16F7-4668-BE54-9A1E7A4F7556}") = "BookFast.Api", "Common\BookFast.Api\BookFast.Api.csproj", "{1DDA687B-6575-4821-A04A-7834149BE46B}"
EndProject
Project("{9A19103F-16F7-4668-BE54-9A1E7A4F7556}") = "BookFast.Configuration", "Common\BookFast.Configuration\BookFast.Configuration.csproj", "{1AD04B4F-83E5-4D27-9EBB-4EBAACAC86FD}"
EndProject
Project("{E53339B2-1760-4266-BCC7-CA923CBCF16C}") = "docker-compose", "docker-compose.dcproj", "{0663A4F1-035F-4824-ADD3-E3BE83C7070B}"
EndProject
Project("{9A19103F-16F7-4668-BE54-9A1E7A4F7556}") = "BookFast.Hosting", "Common\BookFast.Hosting\BookFast.Hosting.csproj", "{1ADA5937-C8EA-4749-8CF1-0081A616DC88}"
EndProject
Project("{9A19103F-16F7-4668-BE54-9A1E7A4F7556}") = "BookFast.Identity.Core", "BookFast.Identity.Core\BookFast.Identity.Core.csproj", "{B995DF06-6279-4540-97BB-0D8FBD768EA3}"
EndProject
Project("{9A19103F-16F7-4668-BE54-9A1E7A4F7556}") = "BookFast.Identity.Infrastructure", "BookFast.Identity.Infrastructure\BookFast.Identity.Infrastructure.csproj", "{99A9B84C-8316-452A-839A-B5F87B667EE7}"
EndProject
Project("{9A19103F-16F7-4668-BE54-9A1E7A4F7556}") = "BookFast.Identity", "BookFast.Identity\BookFast.Identity.csproj", "{84616FA4-85E3-4060-8C2F-E0BD72A4DA65}"
EndProject
Project("{9A19103F-16F7-4668-BE54-9A1E7A4F7556}") = "BookFast.TestInfrastructure", "Common\BookFast.TestInfrastructure\BookFast.TestInfrastructure.csproj", "{DF79E24A-916F-4FFE-8B8D-C4DA6CEF8696}"
EndProject
Project("{9A19103F-16F7-4668-BE54-9A1E7A4F7556}") = "BookFast.Identity.Tests", "BookFast.Identity.Tests\BookFast.Identity.Tests.csproj", "{77B22748-CD89-45F1-884F-7D27C1A685E5}"
EndProject
Project("{9A19103F-16F7-4668-BE54-9A1E7A4F7556}") = "BookFast.PropertyManagement.Core", "BookFast.PropertyManagement.Core\BookFast.PropertyManagement.Core.csproj", "{1B8F90BB-DA41-4677-81DD-F6F1F5661A4F}"
EndProject
Project("{9A19103F-16F7-4668-BE54-9A1E7A4F7556}") = "BookFast.PropertyManagement.Infrastructure", "BookFast.PropertyManagement.Infrastructure\BookFast.PropertyManagement.Infrastructure.csproj", "{48B245DD-A378-4103-84A2-223679C369A1}"
EndProject
Project("{9A19103F-16F7-4668-BE54-9A1E7A4F7556}") = "BookFast.PropertyManagement", "BookFast.PropertyManagement\BookFast.PropertyManagement.csproj", "{C1FF3ADF-7711-4B5B-B6BA-B95DE0D55009}"
EndProject
Project("{9A19103F-16F7-4668-BE54-9A1E7A4F7556}") = "BookFast.Integration", "Common\BookFast.Integration\BookFast.Integration.csproj", "{E6360DBC-40FF-4046-B854-753AFB096957}"
EndProject
Project("{9A19103F-16F7-4668-BE54-9A1E7A4F7556}") = "BookFast.Infrastructure", "Common\BookFast.Infrastructure\BookFast.Infrastructure.csproj", "{2A02F21D-9354-497E-95F7-84A3BF959816}"
EndProject
Project("{9A19103F-16F7-4668-BE54-9A1E7A4F7556}") = "BookFast.Notifications", "BookFast.Notifications\BookFast.Notifications.csproj", "{FB2BAF39-B164-40E6-BC3E-21D0F3466727}"
EndProject
Global
	GlobalSection(SolutionConfigurationPlatforms) = preSolution
		Debug|Any CPU = Debug|Any CPU
		Release|Any CPU = Release|Any CPU
	EndGlobalSection
	GlobalSection(ProjectConfigurationPlatforms) = postSolution
		{12DFCDDA-9A79-48F4-8273-AF9CFA41C54E}.Debug|Any CPU.ActiveCfg = Debug|Any CPU
		{12DFCDDA-9A79-48F4-8273-AF9CFA41C54E}.Debug|Any CPU.Build.0 = Debug|Any CPU
		{12DFCDDA-9A79-48F4-8273-AF9CFA41C54E}.Release|Any CPU.ActiveCfg = Release|Any CPU
		{12DFCDDA-9A79-48F4-8273-AF9CFA41C54E}.Release|Any CPU.Build.0 = Release|Any CPU
		{507C7185-8AF1-4055-BE08-5FF481C8FD0E}.Debug|Any CPU.ActiveCfg = Debug|Any CPU
		{507C7185-8AF1-4055-BE08-5FF481C8FD0E}.Debug|Any CPU.Build.0 = Debug|Any CPU
		{507C7185-8AF1-4055-BE08-5FF481C8FD0E}.Release|Any CPU.ActiveCfg = Release|Any CPU
		{507C7185-8AF1-4055-BE08-5FF481C8FD0E}.Release|Any CPU.Build.0 = Release|Any CPU
		{1DDA687B-6575-4821-A04A-7834149BE46B}.Debug|Any CPU.ActiveCfg = Debug|Any CPU
		{1DDA687B-6575-4821-A04A-7834149BE46B}.Debug|Any CPU.Build.0 = Debug|Any CPU
		{1DDA687B-6575-4821-A04A-7834149BE46B}.Release|Any CPU.ActiveCfg = Release|Any CPU
		{1DDA687B-6575-4821-A04A-7834149BE46B}.Release|Any CPU.Build.0 = Release|Any CPU
		{1AD04B4F-83E5-4D27-9EBB-4EBAACAC86FD}.Debug|Any CPU.ActiveCfg = Debug|Any CPU
		{1AD04B4F-83E5-4D27-9EBB-4EBAACAC86FD}.Debug|Any CPU.Build.0 = Debug|Any CPU
		{1AD04B4F-83E5-4D27-9EBB-4EBAACAC86FD}.Release|Any CPU.ActiveCfg = Release|Any CPU
		{1AD04B4F-83E5-4D27-9EBB-4EBAACAC86FD}.Release|Any CPU.Build.0 = Release|Any CPU
		{0663A4F1-035F-4824-ADD3-E3BE83C7070B}.Debug|Any CPU.ActiveCfg = Debug|Any CPU
		{0663A4F1-035F-4824-ADD3-E3BE83C7070B}.Debug|Any CPU.Build.0 = Debug|Any CPU
		{0663A4F1-035F-4824-ADD3-E3BE83C7070B}.Release|Any CPU.ActiveCfg = Release|Any CPU
		{0663A4F1-035F-4824-ADD3-E3BE83C7070B}.Release|Any CPU.Build.0 = Release|Any CPU
		{1ADA5937-C8EA-4749-8CF1-0081A616DC88}.Debug|Any CPU.ActiveCfg = Debug|Any CPU
		{1ADA5937-C8EA-4749-8CF1-0081A616DC88}.Debug|Any CPU.Build.0 = Debug|Any CPU
		{1ADA5937-C8EA-4749-8CF1-0081A616DC88}.Release|Any CPU.ActiveCfg = Release|Any CPU
		{1ADA5937-C8EA-4749-8CF1-0081A616DC88}.Release|Any CPU.Build.0 = Release|Any CPU
		{B995DF06-6279-4540-97BB-0D8FBD768EA3}.Debug|Any CPU.ActiveCfg = Debug|Any CPU
		{B995DF06-6279-4540-97BB-0D8FBD768EA3}.Debug|Any CPU.Build.0 = Debug|Any CPU
		{B995DF06-6279-4540-97BB-0D8FBD768EA3}.Release|Any CPU.ActiveCfg = Release|Any CPU
		{B995DF06-6279-4540-97BB-0D8FBD768EA3}.Release|Any CPU.Build.0 = Release|Any CPU
		{99A9B84C-8316-452A-839A-B5F87B667EE7}.Debug|Any CPU.ActiveCfg = Debug|Any CPU
		{99A9B84C-8316-452A-839A-B5F87B667EE7}.Debug|Any CPU.Build.0 = Debug|Any CPU
		{99A9B84C-8316-452A-839A-B5F87B667EE7}.Release|Any CPU.ActiveCfg = Release|Any CPU
		{99A9B84C-8316-452A-839A-B5F87B667EE7}.Release|Any CPU.Build.0 = Release|Any CPU
		{84616FA4-85E3-4060-8C2F-E0BD72A4DA65}.Debug|Any CPU.ActiveCfg = Debug|Any CPU
		{84616FA4-85E3-4060-8C2F-E0BD72A4DA65}.Debug|Any CPU.Build.0 = Debug|Any CPU
		{84616FA4-85E3-4060-8C2F-E0BD72A4DA65}.Release|Any CPU.ActiveCfg = Release|Any CPU
		{84616FA4-85E3-4060-8C2F-E0BD72A4DA65}.Release|Any CPU.Build.0 = Release|Any CPU
		{DF79E24A-916F-4FFE-8B8D-C4DA6CEF8696}.Debug|Any CPU.ActiveCfg = Debug|Any CPU
		{DF79E24A-916F-4FFE-8B8D-C4DA6CEF8696}.Debug|Any CPU.Build.0 = Debug|Any CPU
		{DF79E24A-916F-4FFE-8B8D-C4DA6CEF8696}.Release|Any CPU.ActiveCfg = Release|Any CPU
		{DF79E24A-916F-4FFE-8B8D-C4DA6CEF8696}.Release|Any CPU.Build.0 = Release|Any CPU
		{77B22748-CD89-45F1-884F-7D27C1A685E5}.Debug|Any CPU.ActiveCfg = Debug|Any CPU
		{77B22748-CD89-45F1-884F-7D27C1A685E5}.Debug|Any CPU.Build.0 = Debug|Any CPU
		{77B22748-CD89-45F1-884F-7D27C1A685E5}.Release|Any CPU.ActiveCfg = Release|Any CPU
		{77B22748-CD89-45F1-884F-7D27C1A685E5}.Release|Any CPU.Build.0 = Release|Any CPU
		{1B8F90BB-DA41-4677-81DD-F6F1F5661A4F}.Debug|Any CPU.ActiveCfg = Debug|Any CPU
		{1B8F90BB-DA41-4677-81DD-F6F1F5661A4F}.Debug|Any CPU.Build.0 = Debug|Any CPU
		{1B8F90BB-DA41-4677-81DD-F6F1F5661A4F}.Release|Any CPU.ActiveCfg = Release|Any CPU
		{1B8F90BB-DA41-4677-81DD-F6F1F5661A4F}.Release|Any CPU.Build.0 = Release|Any CPU
		{48B245DD-A378-4103-84A2-223679C369A1}.Debug|Any CPU.ActiveCfg = Debug|Any CPU
		{48B245DD-A378-4103-84A2-223679C369A1}.Debug|Any CPU.Build.0 = Debug|Any CPU
		{48B245DD-A378-4103-84A2-223679C369A1}.Release|Any CPU.ActiveCfg = Release|Any CPU
		{48B245DD-A378-4103-84A2-223679C369A1}.Release|Any CPU.Build.0 = Release|Any CPU
		{C1FF3ADF-7711-4B5B-B6BA-B95DE0D55009}.Debug|Any CPU.ActiveCfg = Debug|Any CPU
		{C1FF3ADF-7711-4B5B-B6BA-B95DE0D55009}.Debug|Any CPU.Build.0 = Debug|Any CPU
		{C1FF3ADF-7711-4B5B-B6BA-B95DE0D55009}.Release|Any CPU.ActiveCfg = Release|Any CPU
		{C1FF3ADF-7711-4B5B-B6BA-B95DE0D55009}.Release|Any CPU.Build.0 = Release|Any CPU
		{E6360DBC-40FF-4046-B854-753AFB096957}.Debug|Any CPU.ActiveCfg = Debug|Any CPU
		{E6360DBC-40FF-4046-B854-753AFB096957}.Debug|Any CPU.Build.0 = Debug|Any CPU
		{E6360DBC-40FF-4046-B854-753AFB096957}.Release|Any CPU.ActiveCfg = Release|Any CPU
		{E6360DBC-40FF-4046-B854-753AFB096957}.Release|Any CPU.Build.0 = Release|Any CPU
		{2A02F21D-9354-497E-95F7-84A3BF959816}.Debug|Any CPU.ActiveCfg = Debug|Any CPU
		{2A02F21D-9354-497E-95F7-84A3BF959816}.Debug|Any CPU.Build.0 = Debug|Any CPU
		{2A02F21D-9354-497E-95F7-84A3BF959816}.Release|Any CPU.ActiveCfg = Release|Any CPU
		{2A02F21D-9354-497E-95F7-84A3BF959816}.Release|Any CPU.Build.0 = Release|Any CPU
		{FB2BAF39-B164-40E6-BC3E-21D0F3466727}.Debug|Any CPU.ActiveCfg = Debug|Any CPU
		{FB2BAF39-B164-40E6-BC3E-21D0F3466727}.Debug|Any CPU.Build.0 = Debug|Any CPU
		{FB2BAF39-B164-40E6-BC3E-21D0F3466727}.Release|Any CPU.ActiveCfg = Release|Any CPU
		{FB2BAF39-B164-40E6-BC3E-21D0F3466727}.Release|Any CPU.Build.0 = Release|Any CPU
	EndGlobalSection
	GlobalSection(SolutionProperties) = preSolution
		HideSolutionNode = FALSE
	EndGlobalSection
	GlobalSection(NestedProjects) = preSolution
		{12DFCDDA-9A79-48F4-8273-AF9CFA41C54E} = {BFA3AD99-B4E9-43F2-8447-455454B81C78}
		{507C7185-8AF1-4055-BE08-5FF481C8FD0E} = {BFA3AD99-B4E9-43F2-8447-455454B81C78}
		{1DDA687B-6575-4821-A04A-7834149BE46B} = {BFA3AD99-B4E9-43F2-8447-455454B81C78}
		{1AD04B4F-83E5-4D27-9EBB-4EBAACAC86FD} = {BFA3AD99-B4E9-43F2-8447-455454B81C78}
		{1ADA5937-C8EA-4749-8CF1-0081A616DC88} = {BFA3AD99-B4E9-43F2-8447-455454B81C78}
		{DF79E24A-916F-4FFE-8B8D-C4DA6CEF8696} = {BFA3AD99-B4E9-43F2-8447-455454B81C78}
		{E6360DBC-40FF-4046-B854-753AFB096957} = {BFA3AD99-B4E9-43F2-8447-455454B81C78}
		{2A02F21D-9354-497E-95F7-84A3BF959816} = {BFA3AD99-B4E9-43F2-8447-455454B81C78}
	EndGlobalSection
	GlobalSection(ExtensibilityGlobals) = postSolution
		SolutionGuid = {B3FFBC74-2956-4EB0-B0D5-B4F47ADD1262}
	EndGlobalSection
EndGlobal
